
Microsoft Visual Studio Solution File, Format Version 12.00
# Visual Studio Version 16
VisualStudioVersion = 16.0.31112.23
MinimumVisualStudioVersion = 10.0.40219.1
Project("{9A19103F-16F7-4668-BE54-9A1E7A4F7556}") = "FullStackProject", "FullStackProject.csproj", "{811A1241-ED08-42E2-B4C3-519ED5809803}"
EndProject
Global
	GlobalSection(SolutionConfigurationPlatforms) = preSolution
		Debug|Any CPU = Debug|Any CPU
		Release|Any CPU = Release|Any CPU
	EndGlobalSection
	GlobalSection(ProjectConfigurationPlatforms) = postSolution
		{811A1241-ED08-42E2-B4C3-519ED5809803}.Debug|Any CPU.ActiveCfg = Debug|Any CPU
		{811A1241-ED08-42E2-B4C3-519ED5809803}.Debug|Any CPU.Build.0 = Debug|Any CPU
		{811A1241-ED08-42E2-B4C3-519ED5809803}.Release|Any CPU.ActiveCfg = Release|Any CPU
		{811A1241-ED08-42E2-B4C3-519ED5809803}.Release|Any CPU.Build.0 = Release|Any CPU
	EndGlobalSection
	GlobalSection(SolutionProperties) = preSolution
		HideSolutionNode = FALSE
	EndGlobalSection
	GlobalSection(ExtensibilityGlobals) = postSolution
		SolutionGuid = {E7EAEB74-D47A-4188-87DF-019740935FE6}
	EndGlobalSection
EndGlobal
